
Microsoft Visual Studio Solution File, Format Version 12.00
# Visual Studio Version 17
VisualStudioVersion = 17.11.35222.181
MinimumVisualStudioVersion = 10.0.40219.1
Project("{FAE04EC0-301F-11D3-BF4B-00C04F79EFBC}") = "prjQuiz", "prjQuiz.csproj", "{3DC1DD5C-9099-4F4E-8BF5-FF2D6902477E}"
EndProject
Global
	GlobalSection(SolutionConfigurationPlatforms) = preSolution
		Debug|Any CPU = Debug|Any CPU
		Release|Any CPU = Release|Any CPU
	EndGlobalSection
	GlobalSection(ProjectConfigurationPlatforms) = postSolution
		{3DC1DD5C-9099-4F4E-8BF5-FF2D6902477E}.Debug|Any CPU.ActiveCfg = Debug|Any CPU
		{3DC1DD5C-9099-4F4E-8BF5-FF2D6902477E}.Debug|Any CPU.Build.0 = Debug|Any CPU
		{3DC1DD5C-9099-4F4E-8BF5-FF2D6902477E}.Release|Any CPU.ActiveCfg = Release|Any CPU
		{3DC1DD5C-9099-4F4E-8BF5-FF2D6902477E}.Release|Any CPU.Build.0 = Release|Any CPU
	EndGlobalSection
	GlobalSection(SolutionProperties) = preSolution
		HideSolutionNode = FALSE
	EndGlobalSection
	GlobalSection(ExtensibilityGlobals) = postSolution
		SolutionGuid = {F0A52FD0-8474-4106-A28C-D41F61C241DE}
	EndGlobalSection
EndGlobal
